
Microsoft Visual Studio Solution File, Format Version 12.00
# Visual Studio Version 17
VisualStudioVersion = 17.3.32825.248
MinimumVisualStudioVersion = 10.0.40219.1
Project("{FAE04EC0-301F-11D3-BF4B-00C04F79EFBC}") = "Gr44ZooWebApp", "Gr44ZooWebApp\Gr44ZooWebApp.csproj", "{7C4FD43F-B560-48B2-B678-0A35F03D670D}"
EndProject
Global
	GlobalSection(SolutionConfigurationPlatforms) = preSolution
		Debug|Any CPU = Debug|Any CPU
		Release|Any CPU = Release|Any CPU
	EndGlobalSection
	GlobalSection(ProjectConfigurationPlatforms) = postSolution
		{7C4FD43F-B560-48B2-B678-0A35F03D670D}.Debug|Any CPU.ActiveCfg = Debug|Any CPU
		{7C4FD43F-B560-48B2-B678-0A35F03D670D}.Debug|Any CPU.Build.0 = Debug|Any CPU
		{7C4FD43F-B560-48B2-B678-0A35F03D670D}.Release|Any CPU.ActiveCfg = Release|Any CPU
		{7C4FD43F-B560-48B2-B678-0A35F03D670D}.Release|Any CPU.Build.0 = Release|Any CPU
	EndGlobalSection
	GlobalSection(SolutionProperties) = preSolution
		HideSolutionNode = FALSE
	EndGlobalSection
	GlobalSection(ExtensibilityGlobals) = postSolution
		SolutionGuid = {14994EEB-97DE-4A9A-BF63-5D01DD5A155E}
	EndGlobalSection
EndGlobal
